
Microsoft Visual Studio Solution File, Format Version 12.00
# Visual Studio 15
VisualStudioVersion = 15.0.28307.1433
MinimumVisualStudioVersion = 10.0.40219.1
Project("{FAE04EC0-301F-11D3-BF4B-00C04F79EFBC}") = "btlCSDL", "btlCSDL\btlCSDL.csproj", "{DC98B497-8E89-48BB-A88F-B4CD29CC5A5B}"
EndProject
Global
	GlobalSection(SolutionConfigurationPlatforms) = preSolution
		Debug|Any CPU = Debug|Any CPU
		Release|Any CPU = Release|Any CPU
	EndGlobalSection
	GlobalSection(ProjectConfigurationPlatforms) = postSolution
		{DC98B497-8E89-48BB-A88F-B4CD29CC5A5B}.Debug|Any CPU.ActiveCfg = Debug|Any CPU
		{DC98B497-8E89-48BB-A88F-B4CD29CC5A5B}.Debug|Any CPU.Build.0 = Debug|Any CPU
		{DC98B497-8E89-48BB-A88F-B4CD29CC5A5B}.Release|Any CPU.ActiveCfg = Release|Any CPU
		{DC98B497-8E89-48BB-A88F-B4CD29CC5A5B}.Release|Any CPU.Build.0 = Release|Any CPU
	EndGlobalSection
	GlobalSection(SolutionProperties) = preSolution
		HideSolutionNode = FALSE
	EndGlobalSection
	GlobalSection(ExtensibilityGlobals) = postSolution
		SolutionGuid = {383B11E7-E34B-456D-8966-8D911E5B14CC}
	EndGlobalSection
EndGlobal
